
Microsoft Visual Studio Solution File, Format Version 12.00
# Visual Studio 15
VisualStudioVersion = 15.0.26228.9
MinimumVisualStudioVersion = 10.0.40219.1
Project("{FAE04EC0-301F-11D3-BF4B-00C04F79EFBC}") = "StringReversal", "StringReversal\StringReversal.csproj", "{A0699427-FEF9-4507-A7EA-D2A51657B215}"
EndProject
Project("{FAE04EC0-301F-11D3-BF4B-00C04F79EFBC}") = "Palindromes", "Palindromes\Palindromes\Palindromes.csproj", "{45A7485B-8347-41C6-A3F0-F9628DF6520A}"
EndProject
Project("{FAE04EC0-301F-11D3-BF4B-00C04F79EFBC}") = "IntegerReversal", "IntegerReversal\IntegerReversal\IntegerReversal.csproj", "{B0A16818-DE4B-41A5-AA31-DD19CAE851F8}"
EndProject
Project("{FAE04EC0-301F-11D3-BF4B-00C04F79EFBC}") = "CharacterMostCommonlyUsed", "CharacterMostCommonlyUsed\CharacterMostCommonlyUsed\CharacterMostCommonlyUsed.csproj", "{BF92792D-938B-40A2-9799-81CF048011FF}"
EndProject
Global
	GlobalSection(SolutionConfigurationPlatforms) = preSolution
		Debug|Any CPU = Debug|Any CPU
		Release|Any CPU = Release|Any CPU
	EndGlobalSection
	GlobalSection(ProjectConfigurationPlatforms) = postSolution
		{A0699427-FEF9-4507-A7EA-D2A51657B215}.Debug|Any CPU.ActiveCfg = Debug|Any CPU
		{A0699427-FEF9-4507-A7EA-D2A51657B215}.Debug|Any CPU.Build.0 = Debug|Any CPU
		{A0699427-FEF9-4507-A7EA-D2A51657B215}.Release|Any CPU.ActiveCfg = Release|Any CPU
		{A0699427-FEF9-4507-A7EA-D2A51657B215}.Release|Any CPU.Build.0 = Release|Any CPU
		{45A7485B-8347-41C6-A3F0-F9628DF6520A}.Debug|Any CPU.ActiveCfg = Debug|Any CPU
		{45A7485B-8347-41C6-A3F0-F9628DF6520A}.Debug|Any CPU.Build.0 = Debug|Any CPU
		{45A7485B-8347-41C6-A3F0-F9628DF6520A}.Release|Any CPU.ActiveCfg = Release|Any CPU
		{45A7485B-8347-41C6-A3F0-F9628DF6520A}.Release|Any CPU.Build.0 = Release|Any CPU
		{B0A16818-DE4B-41A5-AA31-DD19CAE851F8}.Debug|Any CPU.ActiveCfg = Debug|Any CPU
		{B0A16818-DE4B-41A5-AA31-DD19CAE851F8}.Debug|Any CPU.Build.0 = Debug|Any CPU
		{B0A16818-DE4B-41A5-AA31-DD19CAE851F8}.Release|Any CPU.ActiveCfg = Release|Any CPU
		{B0A16818-DE4B-41A5-AA31-DD19CAE851F8}.Release|Any CPU.Build.0 = Release|Any CPU
		{BF92792D-938B-40A2-9799-81CF048011FF}.Debug|Any CPU.ActiveCfg = Debug|Any CPU
		{BF92792D-938B-40A2-9799-81CF048011FF}.Debug|Any CPU.Build.0 = Debug|Any CPU
		{BF92792D-938B-40A2-9799-81CF048011FF}.Release|Any CPU.ActiveCfg = Release|Any CPU
		{BF92792D-938B-40A2-9799-81CF048011FF}.Release|Any CPU.Build.0 = Release|Any CPU
	EndGlobalSection
	GlobalSection(SolutionProperties) = preSolution
		HideSolutionNode = FALSE
	EndGlobalSection
EndGlobal
